
Microsoft Visual Studio Solution File, Format Version 12.00
# Visual Studio Version 17
VisualStudioVersion = 17.13.35931.197
MinimumVisualStudioVersion = 10.0.40219.1
Project("{FAE04EC0-301F-11D3-BF4B-00C04F79EFBC}") = "EventBookingPlatform", "EventBookingPlatform\EventBookingPlatform.csproj", "{37F1AE41-26B5-4074-961E-4D4BA7BAA7E7}"
EndProject
Project("{FAE04EC0-301F-11D3-BF4B-00C04F79EFBC}") = "GoEventFunctionApp", "GoEventFunctionApp\GoEventFunctionApp.csproj", "{FEC7B5CC-C40A-4449-62F9-D280FA0296AE}"
EndProject
Global
	GlobalSection(SolutionConfigurationPlatforms) = preSolution
		Debug|Any CPU = Debug|Any CPU
		Release|Any CPU = Release|Any CPU
	EndGlobalSection
	GlobalSection(ProjectConfigurationPlatforms) = postSolution
		{37F1AE41-26B5-4074-961E-4D4BA7BAA7E7}.Debug|Any CPU.ActiveCfg = Debug|Any CPU
		{37F1AE41-26B5-4074-961E-4D4BA7BAA7E7}.Debug|Any CPU.Build.0 = Debug|Any CPU
		{37F1AE41-26B5-4074-961E-4D4BA7BAA7E7}.Release|Any CPU.ActiveCfg = Release|Any CPU
		{37F1AE41-26B5-4074-961E-4D4BA7BAA7E7}.Release|Any CPU.Build.0 = Release|Any CPU
		{FEC7B5CC-C40A-4449-62F9-D280FA0296AE}.Debug|Any CPU.ActiveCfg = Debug|Any CPU
		{FEC7B5CC-C40A-4449-62F9-D280FA0296AE}.Debug|Any CPU.Build.0 = Debug|Any CPU
		{FEC7B5CC-C40A-4449-62F9-D280FA0296AE}.Release|Any CPU.ActiveCfg = Release|Any CPU
		{FEC7B5CC-C40A-4449-62F9-D280FA0296AE}.Release|Any CPU.Build.0 = Release|Any CPU
	EndGlobalSection
	GlobalSection(SolutionProperties) = preSolution
		HideSolutionNode = FALSE
	EndGlobalSection
	GlobalSection(ExtensibilityGlobals) = postSolution
		SolutionGuid = {2D2BA9BD-7216-4490-AD8A-D9CCD8AF30E3}
	EndGlobalSection
EndGlobal
